<?xml version="1.0" encoding="utf-8"?>
<Project ToolsVersion="4.0" xmlns="http://schemas.microsoft.com/developer/msbuild/2003">
  <ItemGroup>
    <ClInclude Include="select_players_scene.h">
      <Filter>Header Files</Filter>
    </ClInclude>
    <ClInclude Include="title_scene.h">
      <Filter>Header Files</Filter>
    </ClInclude>
    <ClInclude Include="game_main_scene.h">
      <Filter>Header Files</Filter>
    </ClInclude>
    <ClInclude Include="common.h">
      <Filter>Header Files</Filter>
    </ClInclude>
    <ClInclude Include="AudioManager.h">
      <Filter>Header Files</Filter>
    </ClInclude>
  </ItemGroup>
  <ItemGroup>
    <Filter Include="Header Files">
      <UniqueIdentifier>{4bcac145-51e2-4231-aeb5-c17fe273a26e}</UniqueIdentifier>
    </Filter>
    <Filter Include="Source Files">
      <UniqueIdentifier>{169b83b4-08f3-4302-816f-b37ca2d082ea}</UniqueIdentifier>
    </Filter>
    <Filter Include="Resources">
      <UniqueIdentifier>{1d182f70-776e-4f22-bcbd-6f12bc814de8}</UniqueIdentifier>
    </Filter>
  </ItemGroup>
  <ItemGroup>
    <ClCompile Include="main.cpp">
      <Filter>Source Files</Filter>
    </ClCompile>
    <ClCompile Include="game_main_scene.cpp">
      <Filter>Source Files</Filter>
    </ClCompile>
    <ClCompile Include="title_scene.cpp">
      <Filter>Source Files</Filter>
    </ClCompile>
    <ClCompile Include="select_players_scene.cpp">
      <Filter>Source Files</Filter>
    </ClCompile>
    <ClCompile Include="AudioManager.cpp">
      <Filter>Source Files</Filter>
    </ClCompile>
  </ItemGroup>
  <ItemGroup>
    <None Include="dankBank.bnk">
      <Filter>Resources</Filter>
    </None>
  </ItemGroup>
</Project>